
Microsoft Visual Studio Solution File, Format Version 12.00
# Visual Studio Version 16
VisualStudioVersion = 16.0.29911.84
MinimumVisualStudioVersion = 10.0.40219.1
Project("{FAE04EC0-301F-11D3-BF4B-00C04F79EFBC}") = "WordSearch", "WordSearch.csproj", "{A83E1CA8-ED58-4359-A4F3-3E680832B16F}"
EndProject
Global
	GlobalSection(SolutionConfigurationPlatforms) = preSolution
		Debug|Any CPU = Debug|Any CPU
		Release|Any CPU = Release|Any CPU
	EndGlobalSection
	GlobalSection(ProjectConfigurationPlatforms) = postSolution
		{A83E1CA8-ED58-4359-A4F3-3E680832B16F}.Debug|Any CPU.ActiveCfg = Debug|Any CPU
		{A83E1CA8-ED58-4359-A4F3-3E680832B16F}.Debug|Any CPU.Build.0 = Debug|Any CPU
		{A83E1CA8-ED58-4359-A4F3-3E680832B16F}.Release|Any CPU.ActiveCfg = Release|Any CPU
		{A83E1CA8-ED58-4359-A4F3-3E680832B16F}.Release|Any CPU.Build.0 = Release|Any CPU
	EndGlobalSection
	GlobalSection(SolutionProperties) = preSolution
		HideSolutionNode = FALSE
	EndGlobalSection
	GlobalSection(ExtensibilityGlobals) = postSolution
		SolutionGuid = {63FE0FB4-0428-4717-BF35-1C937B541248}
	EndGlobalSection
EndGlobal
